// !$*UTF8*$!
{
	archiveVersion = 1;
	classes = {
	};
	objectVersion = 77;
	objects = {

/* Begin PBXBuildFile section */
		BA5981182CF62D3F007E0951 /* Exemplar Extension.appex in Embed Foundation Extensions */ = {isa = PBXBuildFile; fileRef = BA5981172CF62D3F007E0951 /* Exemplar Extension.appex */; settings = {ATTRIBUTES = (RemoveHeadersOnCopy, ); }; };
		BA5981222CF62D3F007E0951 /* Exemplar Extension.appex in Embed Foundation Extensions */ = {isa = PBXBuildFile; fileRef = BA5981212CF62D3F007E0951 /* Exemplar Extension.appex */; settings = {ATTRIBUTES = (RemoveHeadersOnCopy, ); }; };
/* End PBXBuildFile section */

/* Begin PBXContainerItemProxy section */
		BA5981192CF62D3F007E0951 /* PBXContainerItemProxy */ = {
			isa = PBXContainerItemProxy;
			containerPortal = BA5980DD2CF62D3D007E0951 /* Project object */;
			proxyType = 1;
			remoteGlobalIDString = BA5981162CF62D3F007E0951;
			remoteInfo = "Exemplar Extension (iOS)";
		};
		BA5981232CF62D3F007E0951 /* PBXContainerItemProxy */ = {
			isa = PBXContainerItemProxy;
			containerPortal = BA5980DD2CF62D3D007E0951 /* Project object */;
			proxyType = 1;
			remoteGlobalIDString = BA5981202CF62D3F007E0951;
			remoteInfo = "Exemplar Extension (macOS)";
		};
/* End PBXContainerItemProxy section */

/* Begin PBXCopyFilesBuildPhase section */
		BA59814B2CF62D3F007E0951 /* Embed Foundation Extensions */ = {
			isa = PBXCopyFilesBuildPhase;
			buildActionMask = 2147483647;
			dstPath = "";
			dstSubfolderSpec = 13;
			files = (
				BA5981182CF62D3F007E0951 /* Exemplar Extension.appex in Embed Foundation Extensions */,
			);
			name = "Embed Foundation Extensions";
			runOnlyForDeploymentPostprocessing = 0;
		};
		BA5981552CF62D3F007E0951 /* Embed Foundation Extensions */ = {
			isa = PBXCopyFilesBuildPhase;
			buildActionMask = 2147483647;
			dstPath = "";
			dstSubfolderSpec = 13;
			files = (
				BA5981222CF62D3F007E0951 /* Exemplar Extension.appex in Embed Foundation Extensions */,
			);
			name = "Embed Foundation Extensions";
			runOnlyForDeploymentPostprocessing = 0;
		};
/* End PBXCopyFilesBuildPhase section */

/* Begin PBXFileReference section */
		BA5980F92CF62D3F007E0951 /* Exemplar.app */ = {isa = PBXFileReference; explicitFileType = wrapper.application; includeInIndex = 0; path = Exemplar.app; sourceTree = BUILT_PRODUCTS_DIR; };
		BA59810B2CF62D3F007E0951 /* Exemplar.app */ = {isa = PBXFileReference; explicitFileType = wrapper.application; includeInIndex = 0; path = Exemplar.app; sourceTree = BUILT_PRODUCTS_DIR; };
		BA5981172CF62D3F007E0951 /* Exemplar Extension.appex */ = {isa = PBXFileReference; explicitFileType = "wrapper.app-extension"; includeInIndex = 0; path = "Exemplar Extension.appex"; sourceTree = BUILT_PRODUCTS_DIR; };
		BA5981212CF62D3F007E0951 /* Exemplar Extension.appex */ = {isa = PBXFileReference; explicitFileType = "wrapper.app-extension"; includeInIndex = 0; path = "Exemplar Extension.appex"; sourceTree = BUILT_PRODUCTS_DIR; };
/* End PBXFileReference section */

/* Begin PBXFileSystemSynchronizedBuildFileExceptionSet section */
		BA5981462CF62D3F007E0951 /* Exceptions for "Shared (App)" folder in "Exemplar (iOS)" target */ = {
			isa = PBXFileSystemSynchronizedBuildFileExceptionSet;
			membershipExceptions = (
				"/Localized: Resources/Main.html",
				Assets.xcassets,
				Resources/Icon.png,
				Resources/Script.js,
				Resources/Style.css,
				ViewController.swift,
			);
			target = BA5980F82CF62D3F007E0951 /* Exemplar (iOS) */;
		};
		BA59814A2CF62D3F007E0951 /* Exceptions for "iOS (Extension)" folder in "Exemplar Extension (iOS)" target */ = {
			isa = PBXFileSystemSynchronizedBuildFileExceptionSet;
			membershipExceptions = (
				Info.plist,
			);
			target = BA5981162CF62D3F007E0951 /* Exemplar Extension (iOS) */;
		};
		BA59814F2CF62D3F007E0951 /* Exceptions for "iOS (App)" folder in "Exemplar (iOS)" target */ = {
			isa = PBXFileSystemSynchronizedBuildFileExceptionSet;
			membershipExceptions = (
				Info.plist,
			);
			target = BA5980F82CF62D3F007E0951 /* Exemplar (iOS) */;
		};
		BA5981502CF62D3F007E0951 /* Exceptions for "Shared (App)" folder in "Exemplar (macOS)" target */ = {
			isa = PBXFileSystemSynchronizedBuildFileExceptionSet;
			membershipExceptions = (
				"/Localized: Resources/Main.html",
				Assets.xcassets,
				Resources/Icon.png,
				Resources/Script.js,
				Resources/Style.css,
				ViewController.swift,
			);
			target = BA59810A2CF62D3F007E0951 /* Exemplar (macOS) */;
		};
		BA5981542CF62D3F007E0951 /* Exceptions for "macOS (Extension)" folder in "Exemplar Extension (macOS)" target */ = {
			isa = PBXFileSystemSynchronizedBuildFileExceptionSet;
			membershipExceptions = (
				Info.plist,
			);
			target = BA5981202CF62D3F007E0951 /* Exemplar Extension (macOS) */;
		};
		BA5981592CF62D3F007E0951 /* Exceptions for "Shared (Extension)" folder in "Exemplar Extension (iOS)" target */ = {
			isa = PBXFileSystemSynchronizedBuildFileExceptionSet;
			membershipExceptions = (
				Resources/_locales,
				Resources/background.js,
				Resources/content.js,
				Resources/images,
				Resources/manifest.json,
				Resources/popup.css,
				Resources/popup.html,
				Resources/popup.js,
				SafariWebExtensionHandler.swift,
			);
			target = BA5981162CF62D3F007E0951 /* Exemplar Extension (iOS) */;
		};
		BA59815A2CF62D3F007E0951 /* Exceptions for "Shared (Extension)" folder in "Exemplar Extension (macOS)" target */ = {
			isa = PBXFileSystemSynchronizedBuildFileExceptionSet;
			membershipExceptions = (
				Resources/_locales,
				Resources/background.js,
				Resources/content.js,
				Resources/images,
				Resources/manifest.json,
				Resources/popup.css,
				Resources/popup.html,
				Resources/popup.js,
				SafariWebExtensionHandler.swift,
			);
			target = BA5981202CF62D3F007E0951 /* Exemplar Extension (macOS) */;
		};
/* End PBXFileSystemSynchronizedBuildFileExceptionSet section */

/* Begin PBXFileSystemSynchronizedRootGroup section */
		BA5980E12CF62D3D007E0951 /* Shared (App) */ = {
			isa = PBXFileSystemSynchronizedRootGroup;
			exceptions = (
				BA5981462CF62D3F007E0951 /* Exceptions for "Shared (App)" folder in "Exemplar (iOS)" target */,
				BA5981502CF62D3F007E0951 /* Exceptions for "Shared (App)" folder in "Exemplar (macOS)" target */,
			);
			path = "Shared (App)";
			sourceTree = "<group>";
		};
		BA5980EA2CF62D3F007E0951 /* Shared (Extension) */ = {
			isa = PBXFileSystemSynchronizedRootGroup;
			exceptions = (
				BA5981592CF62D3F007E0951 /* Exceptions for "Shared (Extension)" folder in "Exemplar Extension (iOS)" target */,
				BA59815A2CF62D3F007E0951 /* Exceptions for "Shared (Extension)" folder in "Exemplar Extension (macOS)" target */,
			);
			explicitFolders = (
				Resources/_locales,
				Resources/images,
			);
			path = "Shared (Extension)";
			sourceTree = "<group>";
		};
		BA5980FB2CF62D3F007E0951 /* iOS (App) */ = {
			isa = PBXFileSystemSynchronizedRootGroup;
			exceptions = (
				BA59814F2CF62D3F007E0951 /* Exceptions for "iOS (App)" folder in "Exemplar (iOS)" target */,
			);
			path = "iOS (App)";
			sourceTree = "<group>";
		};
		BA59810C2CF62D3F007E0951 /* macOS (App) */ = {
			isa = PBXFileSystemSynchronizedRootGroup;
			path = "macOS (App)";
			sourceTree = "<group>";
		};
		BA59811B2CF62D3F007E0951 /* iOS (Extension) */ = {
			isa = PBXFileSystemSynchronizedRootGroup;
			exceptions = (
				BA59814A2CF62D3F007E0951 /* Exceptions for "iOS (Extension)" folder in "Exemplar Extension (iOS)" target */,
			);
			path = "iOS (Extension)";
			sourceTree = "<group>";
		};
		BA5981252CF62D3F007E0951 /* macOS (Extension) */ = {
			isa = PBXFileSystemSynchronizedRootGroup;
			exceptions = (
				BA5981542CF62D3F007E0951 /* Exceptions for "macOS (Extension)" folder in "Exemplar Extension (macOS)" target */,
			);
			path = "macOS (Extension)";
			sourceTree = "<group>";
		};
/* End PBXFileSystemSynchronizedRootGroup section */

/* Begin PBXFrameworksBuildPhase section */
		BA5980F62CF62D3F007E0951 /* Frameworks */ = {
			isa = PBXFrameworksBuildPhase;
			buildActionMask = 2147483647;
			files = (
			);
			runOnlyForDeploymentPostprocessing = 0;
		};
		BA5981082CF62D3F007E0951 /* Frameworks */ = {
			isa = PBXFrameworksBuildPhase;
			buildActionMask = 2147483647;
			files = (
			);
			runOnlyForDeploymentPostprocessing = 0;
		};
		BA5981142CF62D3F007E0951 /* Frameworks */ = {
			isa = PBXFrameworksBuildPhase;
			buildActionMask = 2147483647;
			files = (
			);
			runOnlyForDeploymentPostprocessing = 0;
		};
		BA59811E2CF62D3F007E0951 /* Frameworks */ = {
			isa = PBXFrameworksBuildPhase;
			buildActionMask = 2147483647;
			files = (
			);
			runOnlyForDeploymentPostprocessing = 0;
		};
/* End PBXFrameworksBuildPhase section */

/* Begin PBXGroup section */
		BA5980DC2CF62D3D007E0951 = {
			isa = PBXGroup;
			children = (
				BA5980E12CF62D3D007E0951 /* Shared (App) */,
				BA5980EA2CF62D3F007E0951 /* Shared (Extension) */,
				BA5980FB2CF62D3F007E0951 /* iOS (App) */,
				BA59810C2CF62D3F007E0951 /* macOS (App) */,
				BA59811B2CF62D3F007E0951 /* iOS (Extension) */,
				BA5981252CF62D3F007E0951 /* macOS (Extension) */,
				BA5980FA2CF62D3F007E0951 /* Products */,
			);
			sourceTree = "<group>";
		};
		BA5980FA2CF62D3F007E0951 /* Products */ = {
			isa = PBXGroup;
			children = (
				BA5980F92CF62D3F007E0951 /* Exemplar.app */,
				BA59810B2CF62D3F007E0951 /* Exemplar.app */,
				BA5981172CF62D3F007E0951 /* Exemplar Extension.appex */,
				BA5981212CF62D3F007E0951 /* Exemplar Extension.appex */,
			);
			name = Products;
			sourceTree = "<group>";
		};
/* End PBXGroup section */

/* Begin PBXNativeTarget section */
		BA5980F82CF62D3F007E0951 /* Exemplar (iOS) */ = {
			isa = PBXNativeTarget;
			buildConfigurationList = BA59814C2CF62D3F007E0951 /* Build configuration list for PBXNativeTarget "Exemplar (iOS)" */;
			buildPhases = (
				BA5980F52CF62D3F007E0951 /* Sources */,
				BA5980F62CF62D3F007E0951 /* Frameworks */,
				BA5980F72CF62D3F007E0951 /* Resources */,
				BA59814B2CF62D3F007E0951 /* Embed Foundation Extensions */,
			);
			buildRules = (
			);
			dependencies = (
				BA59811A2CF62D3F007E0951 /* PBXTargetDependency */,
			);
			fileSystemSynchronizedGroups = (
				BA5980FB2CF62D3F007E0951 /* iOS (App) */,
			);
			name = "Exemplar (iOS)";
			packageProductDependencies = (
			);
			productName = "Exemplar (iOS)";
			productReference = BA5980F92CF62D3F007E0951 /* Exemplar.app */;
			productType = "com.apple.product-type.application";
		};
		BA59810A2CF62D3F007E0951 /* Exemplar (macOS) */ = {
			isa = PBXNativeTarget;
			buildConfigurationList = BA5981562CF62D3F007E0951 /* Build configuration list for PBXNativeTarget "Exemplar (macOS)" */;
			buildPhases = (
				BA5981072CF62D3F007E0951 /* Sources */,
				BA5981082CF62D3F007E0951 /* Frameworks */,
				BA5981092CF62D3F007E0951 /* Resources */,
				BA5981552CF62D3F007E0951 /* Embed Foundation Extensions */,
			);
			buildRules = (
			);
			dependencies = (
				BA5981242CF62D3F007E0951 /* PBXTargetDependency */,
			);
			fileSystemSynchronizedGroups = (
				BA59810C2CF62D3F007E0951 /* macOS (App) */,
			);
			name = "Exemplar (macOS)";
			packageProductDependencies = (
			);
			productName = "Exemplar (macOS)";
			productReference = BA59810B2CF62D3F007E0951 /* Exemplar.app */;
			productType = "com.apple.product-type.application";
		};
		BA5981162CF62D3F007E0951 /* Exemplar Extension (iOS) */ = {
			isa = PBXNativeTarget;
			buildConfigurationList = BA5981472CF62D3F007E0951 /* Build configuration list for PBXNativeTarget "Exemplar Extension (iOS)" */;
			buildPhases = (
				BA5981132CF62D3F007E0951 /* Sources */,
				BA5981142CF62D3F007E0951 /* Frameworks */,
				BA5981152CF62D3F007E0951 /* Resources */,
			);
			buildRules = (
			);
			dependencies = (
			);
			fileSystemSynchronizedGroups = (
				BA59811B2CF62D3F007E0951 /* iOS (Extension) */,
			);
			name = "Exemplar Extension (iOS)";
			packageProductDependencies = (
			);
			productName = "Exemplar Extension (iOS)";
			productReference = BA5981172CF62D3F007E0951 /* Exemplar Extension.appex */;
			productType = "com.apple.product-type.app-extension";
		};
		BA5981202CF62D3F007E0951 /* Exemplar Extension (macOS) */ = {
			isa = PBXNativeTarget;
			buildConfigurationList = BA5981512CF62D3F007E0951 /* Build configuration list for PBXNativeTarget "Exemplar Extension (macOS)" */;
			buildPhases = (
				BA59811D2CF62D3F007E0951 /* Sources */,
				BA59811E2CF62D3F007E0951 /* Frameworks */,
				BA59811F2CF62D3F007E0951 /* Resources */,
			);
			buildRules = (
			);
			dependencies = (
			);
			fileSystemSynchronizedGroups = (
				BA5981252CF62D3F007E0951 /* macOS (Extension) */,
			);
			name = "Exemplar Extension (macOS)";
			packageProductDependencies = (
			);
			productName = "Exemplar Extension (macOS)";
			productReference = BA5981212CF62D3F007E0951 /* Exemplar Extension.appex */;
			productType = "com.apple.product-type.app-extension";
		};
/* End PBXNativeTarget section */

/* Begin PBXProject section */
		BA5980DD2CF62D3D007E0951 /* Project object */ = {
			isa = PBXProject;
			attributes = {
				BuildIndependentTargetsInParallel = 1;
				LastSwiftUpdateCheck = 1610;
				LastUpgradeCheck = 1610;
				TargetAttributes = {
					BA5980F82CF62D3F007E0951 = {
						CreatedOnToolsVersion = 16.1;
					};
					BA59810A2CF62D3F007E0951 = {
						CreatedOnToolsVersion = 16.1;
					};
					BA5981162CF62D3F007E0951 = {
						CreatedOnToolsVersion = 16.1;
					};
					BA5981202CF62D3F007E0951 = {
						CreatedOnToolsVersion = 16.1;
					};
				};
			};
			buildConfigurationList = BA5980E02CF62D3D007E0951 /* Build configuration list for PBXProject "Exemplar" */;
			developmentRegion = en;
			hasScannedForEncodings = 0;
			knownRegions = (
				en,
				Base,
			);
			mainGroup = BA5980DC2CF62D3D007E0951;
			minimizedProjectReferenceProxies = 1;
			preferredProjectObjectVersion = 77;
			productRefGroup = BA5980FA2CF62D3F007E0951 /* Products */;
			projectDirPath = "";
			projectRoot = "";
			targets = (
				BA5980F82CF62D3F007E0951 /* Exemplar (iOS) */,
				BA59810A2CF62D3F007E0951 /* Exemplar (macOS) */,
				BA5981162CF62D3F007E0951 /* Exemplar Extension (iOS) */,
				BA5981202CF62D3F007E0951 /* Exemplar Extension (macOS) */,
			);
		};
/* End PBXProject section */

/* Begin PBXResourcesBuildPhase section */
		BA5980F72CF62D3F007E0951 /* Resources */ = {
			isa = PBXResourcesBuildPhase;
			buildActionMask = 2147483647;
			files = (
			);
			runOnlyForDeploymentPostprocessing = 0;
		};
		BA5981092CF62D3F007E0951 /* Resources */ = {
			isa = PBXResourcesBuildPhase;
			buildActionMask = 2147483647;
			files = (
			);
			runOnlyForDeploymentPostprocessing = 0;
		};
		BA5981152CF62D3F007E0951 /* Resources */ = {
			isa = PBXResourcesBuildPhase;
			buildActionMask = 2147483647;
			files = (
			);
			runOnlyForDeploymentPostprocessing = 0;
		};
		BA59811F2CF62D3F007E0951 /* Resources */ = {
			isa = PBXResourcesBuildPhase;
			buildActionMask = 2147483647;
			files = (
			);
			runOnlyForDeploymentPostprocessing = 0;
		};
/* End PBXResourcesBuildPhase section */

/* Begin PBXSourcesBuildPhase section */
		BA5980F52CF62D3F007E0951 /* Sources */ = {
			isa = PBXSourcesBuildPhase;
			buildActionMask = 2147483647;
			files = (
			);
			runOnlyForDeploymentPostprocessing = 0;
		};
		BA5981072CF62D3F007E0951 /* Sources */ = {
			isa = PBXSourcesBuildPhase;
			buildActionMask = 2147483647;
			files = (
			);
			runOnlyForDeploymentPostprocessing = 0;
		};
		BA5981132CF62D3F007E0951 /* Sources */ = {
			isa = PBXSourcesBuildPhase;
			buildActionMask = 2147483647;
			files = (
			);
			runOnlyForDeploymentPostprocessing = 0;
		};
		BA59811D2CF62D3F007E0951 /* Sources */ = {
			isa = PBXSourcesBuildPhase;
			buildActionMask = 2147483647;
			files = (
			);
			runOnlyForDeploymentPostprocessing = 0;
		};
/* End PBXSourcesBuildPhase section */

/* Begin PBXTargetDependency section */
		BA59811A2CF62D3F007E0951 /* PBXTargetDependency */ = {
			isa = PBXTargetDependency;
			target = BA5981162CF62D3F007E0951 /* Exemplar Extension (iOS) */;
			targetProxy = BA5981192CF62D3F007E0951 /* PBXContainerItemProxy */;
		};
		BA5981242CF62D3F007E0951 /* PBXTargetDependency */ = {
			isa = PBXTargetDependency;
			target = BA5981202CF62D3F007E0951 /* Exemplar Extension (macOS) */;
			targetProxy = BA5981232CF62D3F007E0951 /* PBXContainerItemProxy */;
		};
/* End PBXTargetDependency section */

/* Begin XCBuildConfiguration section */
		BA5981482CF62D3F007E0951 /* Debug */ = {
			isa = XCBuildConfiguration;
			buildSettings = {
				CODE_SIGN_STYLE = Automatic;
				CURRENT_PROJECT_VERSION = 1;
				GENERATE_INFOPLIST_FILE = YES;
				INFOPLIST_FILE = "iOS (Extension)/Info.plist";
				INFOPLIST_KEY_CFBundleDisplayName = "Exemplar Extension";
				INFOPLIST_KEY_NSHumanReadableCopyright = "";
				IPHONEOS_DEPLOYMENT_TARGET = 15.0;
				LD_RUNPATH_SEARCH_PATHS = (
					"$(inherited)",
					"@executable_path/Frameworks",
					"@executable_path/../../Frameworks",
				);
				MARKETING_VERSION = 1.0;
				OTHER_LDFLAGS = (
					"-framework",
					SafariServices,
				);
				PRODUCT_BUNDLE_IDENTIFIER = sahillavingia.Exemplar.Extension;
				PRODUCT_NAME = "Exemplar Extension";
				SDKROOT = iphoneos;
				SKIP_INSTALL = YES;
				SWIFT_EMIT_LOC_STRINGS = YES;
				SWIFT_VERSION = 5.0;
				TARGETED_DEVICE_FAMILY = "1,2";
			};
			name = Debug;
		};
		BA5981492CF62D3F007E0951 /* Release */ = {
			isa = XCBuildConfiguration;
			buildSettings = {
				CODE_SIGN_STYLE = Automatic;
				CURRENT_PROJECT_VERSION = 1;
				GENERATE_INFOPLIST_FILE = YES;
				INFOPLIST_FILE = "iOS (Extension)/Info.plist";
				INFOPLIST_KEY_CFBundleDisplayName = "Exemplar Extension";
				INFOPLIST_KEY_NSHumanReadableCopyright = "";
				IPHONEOS_DEPLOYMENT_TARGET = 15.0;
				LD_RUNPATH_SEARCH_PATHS = (
					"$(inherited)",
					"@executable_path/Frameworks",
					"@executable_path/../../Frameworks",
				);
				MARKETING_VERSION = 1.0;
				OTHER_LDFLAGS = (
					"-framework",
					SafariServices,
				);
				PRODUCT_BUNDLE_IDENTIFIER = sahillavingia.Exemplar.Extension;
				PRODUCT_NAME = "Exemplar Extension";
				SDKROOT = iphoneos;
				SKIP_INSTALL = YES;
				SWIFT_EMIT_LOC_STRINGS = YES;
				SWIFT_VERSION = 5.0;
				TARGETED_DEVICE_FAMILY = "1,2";
				VALIDATE_PRODUCT = YES;
			};
			name = Release;
		};
		BA59814D2CF62D3F007E0951 /* Debug */ = {
			isa = XCBuildConfiguration;
			buildSettings = {
				ASSETCATALOG_COMPILER_APPICON_NAME = AppIcon;
				ASSETCATALOG_COMPILER_GLOBAL_ACCENT_COLOR_NAME = AccentColor;
				CODE_SIGN_STYLE = Automatic;
				CURRENT_PROJECT_VERSION = 1;
				GENERATE_INFOPLIST_FILE = YES;
				INFOPLIST_FILE = "iOS (App)/Info.plist";
				INFOPLIST_KEY_CFBundleDisplayName = Exemplar;
				INFOPLIST_KEY_UIApplicationSupportsIndirectInputEvents = YES;
				INFOPLIST_KEY_UILaunchStoryboardName = LaunchScreen;
				INFOPLIST_KEY_UIMainStoryboardFile = Main;
				INFOPLIST_KEY_UISupportedInterfaceOrientations = "UIInterfaceOrientationPortrait UIInterfaceOrientationLandscapeLeft UIInterfaceOrientationLandscapeRight";
				INFOPLIST_KEY_UISupportedInterfaceOrientations_iPad = "UIInterfaceOrientationPortrait UIInterfaceOrientationPortraitUpsideDown UIInterfaceOrientationLandscapeLeft UIInterfaceOrientationLandscapeRight";
				IPHONEOS_DEPLOYMENT_TARGET = 15.0;
				LD_RUNPATH_SEARCH_PATHS = (
					"$(inherited)",
					"@executable_path/Frameworks",
				);
				MARKETING_VERSION = 1.0;
				OTHER_LDFLAGS = (
					"-framework",
					SafariServices,
					"-framework",
					WebKit,
				);
				PRODUCT_BUNDLE_IDENTIFIER = sahillavingia.Exemplar;
				PRODUCT_NAME = Exemplar;
				SDKROOT = iphoneos;
				SWIFT_EMIT_LOC_STRINGS = YES;
				SWIFT_VERSION = 5.0;
				TARGETED_DEVICE_FAMILY = "1,2";
			};
			name = Debug;
		};
		BA59814E2CF62D3F007E0951 /* Release */ = {
			isa = XCBuildConfiguration;
			buildSettings = {
				ASSETCATALOG_COMPILER_APPICON_NAME = AppIcon;
				ASSETCATALOG_COMPILER_GLOBAL_ACCENT_COLOR_NAME = AccentColor;
				CODE_SIGN_STYLE = Automatic;
				CURRENT_PROJECT_VERSION = 1;
				GENERATE_INFOPLIST_FILE = YES;
				INFOPLIST_FILE = "iOS (App)/Info.plist";
				INFOPLIST_KEY_CFBundleDisplayName = Exemplar;
				INFOPLIST_KEY_UIApplicationSupportsIndirectInputEvents = YES;
				INFOPLIST_KEY_UILaunchStoryboardName = LaunchScreen;
				INFOPLIST_KEY_UIMainStoryboardFile = Main;
				INFOPLIST_KEY_UISupportedInterfaceOrientations = "UIInterfaceOrientationPortrait UIInterfaceOrientationLandscapeLeft UIInterfaceOrientationLandscapeRight";
				INFOPLIST_KEY_UISupportedInterfaceOrientations_iPad = "UIInterfaceOrientationPortrait UIInterfaceOrientationPortraitUpsideDown UIInterfaceOrientationLandscapeLeft UIInterfaceOrientationLandscapeRight";
				IPHONEOS_DEPLOYMENT_TARGET = 15.0;
				LD_RUNPATH_SEARCH_PATHS = (
					"$(inherited)",
					"@executable_path/Frameworks",
				);
				MARKETING_VERSION = 1.0;
				OTHER_LDFLAGS = (
					"-framework",
					SafariServices,
					"-framework",
					WebKit,
				);
				PRODUCT_BUNDLE_IDENTIFIER = sahillavingia.Exemplar;
				PRODUCT_NAME = Exemplar;
				SDKROOT = iphoneos;
				SWIFT_EMIT_LOC_STRINGS = YES;
				SWIFT_VERSION = 5.0;
				TARGETED_DEVICE_FAMILY = "1,2";
				VALIDATE_PRODUCT = YES;
			};
			name = Release;
		};
		BA5981522CF62D3F007E0951 /* Debug */ = {
			isa = XCBuildConfiguration;
			buildSettings = {
				CODE_SIGN_ENTITLEMENTS = "macOS (Extension)/Exemplar.entitlements";
				CODE_SIGN_STYLE = Automatic;
				CURRENT_PROJECT_VERSION = 1;
				ENABLE_HARDENED_RUNTIME = YES;
				GENERATE_INFOPLIST_FILE = YES;
				INFOPLIST_FILE = "macOS (Extension)/Info.plist";
				INFOPLIST_KEY_CFBundleDisplayName = "Exemplar Extension";
				INFOPLIST_KEY_NSHumanReadableCopyright = "";
				LD_RUNPATH_SEARCH_PATHS = (
					"$(inherited)",
					"@executable_path/../Frameworks",
					"@executable_path/../../../../Frameworks",
				);
				MACOSX_DEPLOYMENT_TARGET = 10.14;
				MARKETING_VERSION = 1.0;
				OTHER_LDFLAGS = (
					"-framework",
					SafariServices,
				);
				PRODUCT_BUNDLE_IDENTIFIER = sahillavingia.Exemplar.Extension;
				PRODUCT_NAME = "Exemplar Extension";
				SDKROOT = macosx;
				SKIP_INSTALL = YES;
				SWIFT_EMIT_LOC_STRINGS = YES;
				SWIFT_VERSION = 5.0;
			};
			name = Debug;
		};
		BA5981532CF62D3F007E0951 /* Release */ = {
			isa = XCBuildConfiguration;
			buildSettings = {
				CODE_SIGN_ENTITLEMENTS = "macOS (Extension)/Exemplar.entitlements";
				CODE_SIGN_STYLE = Automatic;
				CURRENT_PROJECT_VERSION = 1;
				ENABLE_HARDENED_RUNTIME = YES;
				GENERATE_INFOPLIST_FILE = YES;
				INFOPLIST_FILE = "macOS (Extension)/Info.plist";
				INFOPLIST_KEY_CFBundleDisplayName = "Exemplar Extension";
				INFOPLIST_KEY_NSHumanReadableCopyright = "";
				LD_RUNPATH_SEARCH_PATHS = (
					"$(inherited)",
					"@executable_path/../Frameworks",
					"@executable_path/../../../../Frameworks",
				);
				MACOSX_DEPLOYMENT_TARGET = 10.14;
				MARKETING_VERSION = 1.0;
				OTHER_LDFLAGS = (
					"-framework",
					SafariServices,
				);
				PRODUCT_BUNDLE_IDENTIFIER = sahillavingia.Exemplar.Extension;
				PRODUCT_NAME = "Exemplar Extension";
				SDKROOT = macosx;
				SKIP_INSTALL = YES;
				SWIFT_EMIT_LOC_STRINGS = YES;
				SWIFT_VERSION = 5.0;
			};
			name = Release;
		};
		BA5981572CF62D3F007E0951 /* Debug */ = {
			isa = XCBuildConfiguration;
			buildSettings = {
				ASSETCATALOG_COMPILER_APPICON_NAME = AppIcon;
				ASSETCATALOG_COMPILER_GLOBAL_ACCENT_COLOR_NAME = AccentColor;
				CODE_SIGN_ENTITLEMENTS = "macOS (App)/Exemplar.entitlements";
				CODE_SIGN_STYLE = Automatic;
				CURRENT_PROJECT_VERSION = 1;
				ENABLE_HARDENED_RUNTIME = YES;
				GENERATE_INFOPLIST_FILE = YES;
				INFOPLIST_KEY_CFBundleDisplayName = Exemplar;
				INFOPLIST_KEY_NSMainStoryboardFile = Main;
				INFOPLIST_KEY_NSPrincipalClass = NSApplication;
				LD_RUNPATH_SEARCH_PATHS = (
					"$(inherited)",
					"@executable_path/../Frameworks",
				);
				MACOSX_DEPLOYMENT_TARGET = 10.14;
				MARKETING_VERSION = 1.0;
				OTHER_LDFLAGS = (
					"-framework",
					SafariServices,
					"-framework",
					WebKit,
				);
				PRODUCT_BUNDLE_IDENTIFIER = sahillavingia.Exemplar;
				PRODUCT_NAME = Exemplar;
				SDKROOT = macosx;
				SWIFT_EMIT_LOC_STRINGS = YES;
				SWIFT_VERSION = 5.0;
			};
			name = Debug;
		};
		BA5981582CF62D3F007E0951 /* Release */ = {
			isa = XCBuildConfiguration;
			buildSettings = {
				ASSETCATALOG_COMPILER_APPICON_NAME = AppIcon;
				ASSETCATALOG_COMPILER_GLOBAL_ACCENT_COLOR_NAME = AccentColor;
				CODE_SIGN_ENTITLEMENTS = "macOS (App)/Exemplar.entitlements";
				CODE_SIGN_STYLE = Automatic;
				CURRENT_PROJECT_VERSION = 1;
				ENABLE_HARDENED_RUNTIME = YES;
				GENERATE_INFOPLIST_FILE = YES;
				INFOPLIST_KEY_CFBundleDisplayName = Exemplar;
				INFOPLIST_KEY_NSMainStoryboardFile = Main;
				INFOPLIST_KEY_NSPrincipalClass = NSApplication;
				LD_RUNPATH_SEARCH_PATHS = (
					"$(inherited)",
					"@executable_path/../Frameworks",
				);
				MACOSX_DEPLOYMENT_TARGET = 10.14;
				MARKETING_VERSION = 1.0;
				OTHER_LDFLAGS = (
					"-framework",
					SafariServices,
					"-framework",
					WebKit,
				);
				PRODUCT_BUNDLE_IDENTIFIER = sahillavingia.Exemplar;
				PRODUCT_NAME = Exemplar;
				SDKROOT = macosx;
				SWIFT_EMIT_LOC_STRINGS = YES;
				SWIFT_VERSION = 5.0;
			};
			name = Release;
		};
		BA59815B2CF62D3F007E0951 /* Debug */ = {
			isa = XCBuildConfiguration;
			buildSettings = {
				ALWAYS_SEARCH_USER_PATHS = NO;
				ASSETCATALOG_COMPILER_GENERATE_SWIFT_ASSET_SYMBOL_EXTENSIONS = YES;
				CLANG_ANALYZER_NONNULL = YES;
				CLANG_ANALYZER_NUMBER_OBJECT_CONVERSION = YES_AGGRESSIVE;
				CLANG_CXX_LANGUAGE_STANDARD = "gnu++20";
				CLANG_ENABLE_MODULES = YES;
				CLANG_ENABLE_OBJC_ARC = YES;
				CLANG_ENABLE_OBJC_WEAK = YES;
				CLANG_WARN_BLOCK_CAPTURE_AUTORELEASING = YES;
				CLANG_WARN_BOOL_CONVERSION = YES;
				CLANG_WARN_COMMA = YES;
				CLANG_WARN_CONSTANT_CONVERSION = YES;
				CLANG_WARN_DEPRECATED_OBJC_IMPLEMENTATIONS = YES;
				CLANG_WARN_DIRECT_OBJC_ISA_USAGE = YES_ERROR;
				CLANG_WARN_DOCUMENTATION_COMMENTS = YES;
				CLANG_WARN_EMPTY_BODY = YES;
				CLANG_WARN_ENUM_CONVERSION = YES;
				CLANG_WARN_INFINITE_RECURSION = YES;
				CLANG_WARN_INT_CONVERSION = YES;
				CLANG_WARN_NON_LITERAL_NULL_CONVERSION = YES;
				CLANG_WARN_OBJC_IMPLICIT_RETAIN_SELF = YES;
				CLANG_WARN_OBJC_LITERAL_CONVERSION = YES;
				CLANG_WARN_OBJC_ROOT_CLASS = YES_ERROR;
				CLANG_WARN_QUOTED_INCLUDE_IN_FRAMEWORK_HEADER = YES;
				CLANG_WARN_RANGE_LOOP_ANALYSIS = YES;
				CLANG_WARN_STRICT_PROTOTYPES = YES;
				CLANG_WARN_SUSPICIOUS_MOVE = YES;
				CLANG_WARN_UNGUARDED_AVAILABILITY = YES_AGGRESSIVE;
				CLANG_WARN_UNREACHABLE_CODE = YES;
				CLANG_WARN__DUPLICATE_METHOD_MATCH = YES;
				COPY_PHASE_STRIP = NO;
				DEBUG_INFORMATION_FORMAT = dwarf;
				ENABLE_STRICT_OBJC_MSGSEND = YES;
				ENABLE_TESTABILITY = YES;
				ENABLE_USER_SCRIPT_SANDBOXING = YES;
				GCC_C_LANGUAGE_STANDARD = gnu17;
				GCC_DYNAMIC_NO_PIC = NO;
				GCC_NO_COMMON_BLOCKS = YES;
				GCC_OPTIMIZATION_LEVEL = 0;
				GCC_PREPROCESSOR_DEFINITIONS = (
					"DEBUG=1",
					"$(inherited)",
				);
				GCC_WARN_64_TO_32_BIT_CONVERSION = YES;
				GCC_WARN_ABOUT_RETURN_TYPE = YES_ERROR;
				GCC_WARN_UNDECLARED_SELECTOR = YES;
				GCC_WARN_UNINITIALIZED_AUTOS = YES_AGGRESSIVE;
				GCC_WARN_UNUSED_FUNCTION = YES;
				GCC_WARN_UNUSED_VARIABLE = YES;
				LOCALIZATION_PREFERS_STRING_CATALOGS = YES;
				MTL_ENABLE_DEBUG_INFO = INCLUDE_SOURCE;
				MTL_FAST_MATH = YES;
				ONLY_ACTIVE_ARCH = YES;
				SWIFT_ACTIVE_COMPILATION_CONDITIONS = "DEBUG $(inherited)";
				SWIFT_OPTIMIZATION_LEVEL = "-Onone";
			};
			name = Debug;
		};
		BA59815C2CF62D3F007E0951 /* Release */ = {
			isa = XCBuildConfiguration;
			buildSettings = {
				ALWAYS_SEARCH_USER_PATHS = NO;
				ASSETCATALOG_COMPILER_GENERATE_SWIFT_ASSET_SYMBOL_EXTENSIONS = YES;
				CLANG_ANALYZER_NONNULL = YES;
				CLANG_ANALYZER_NUMBER_OBJECT_CONVERSION = YES_AGGRESSIVE;
				CLANG_CXX_LANGUAGE_STANDARD = "gnu++20";
				CLANG_ENABLE_MODULES = YES;
				CLANG_ENABLE_OBJC_ARC = YES;
				CLANG_ENABLE_OBJC_WEAK = YES;
				CLANG_WARN_BLOCK_CAPTURE_AUTORELEASING = YES;
				CLANG_WARN_BOOL_CONVERSION = YES;
				CLANG_WARN_COMMA = YES;
				CLANG_WARN_CONSTANT_CONVERSION = YES;
				CLANG_WARN_DEPRECATED_OBJC_IMPLEMENTATIONS = YES;
				CLANG_WARN_DIRECT_OBJC_ISA_USAGE = YES_ERROR;
				CLANG_WARN_DOCUMENTATION_COMMENTS = YES;
				CLANG_WARN_EMPTY_BODY = YES;
				CLANG_WARN_ENUM_CONVERSION = YES;
				CLANG_WARN_INFINITE_RECURSION = YES;
				CLANG_WARN_INT_CONVERSION = YES;
				CLANG_WARN_NON_LITERAL_NULL_CONVERSION = YES;
				CLANG_WARN_OBJC_IMPLICIT_RETAIN_SELF = YES;
				CLANG_WARN_OBJC_LITERAL_CONVERSION = YES;
				CLANG_WARN_OBJC_ROOT_CLASS = YES_ERROR;
				CLANG_WARN_QUOTED_INCLUDE_IN_FRAMEWORK_HEADER = YES;
				CLANG_WARN_RANGE_LOOP_ANALYSIS = YES;
				CLANG_WARN_STRICT_PROTOTYPES = YES;
				CLANG_WARN_SUSPICIOUS_MOVE = YES;
				CLANG_WARN_UNGUARDED_AVAILABILITY = YES_AGGRESSIVE;
				CLANG_WARN_UNREACHABLE_CODE = YES;
				CLANG_WARN__DUPLICATE_METHOD_MATCH = YES;
				COPY_PHASE_STRIP = NO;
				DEBUG_INFORMATION_FORMAT = "dwarf-with-dsym";
				ENABLE_NS_ASSERTIONS = NO;
				ENABLE_STRICT_OBJC_MSGSEND = YES;
				ENABLE_USER_SCRIPT_SANDBOXING = YES;
				GCC_C_LANGUAGE_STANDARD = gnu17;
				GCC_NO_COMMON_BLOCKS = YES;
				GCC_WARN_64_TO_32_BIT_CONVERSION = YES;
				GCC_WARN_ABOUT_RETURN_TYPE = YES_ERROR;
				GCC_WARN_UNDECLARED_SELECTOR = YES;
				GCC_WARN_UNINITIALIZED_AUTOS = YES_AGGRESSIVE;
				GCC_WARN_UNUSED_FUNCTION = YES;
				GCC_WARN_UNUSED_VARIABLE = YES;
				LOCALIZATION_PREFERS_STRING_CATALOGS = YES;
				MTL_ENABLE_DEBUG_INFO = NO;
				MTL_FAST_MATH = YES;
				SWIFT_COMPILATION_MODE = wholemodule;
			};
			name = Release;
		};
/* End XCBuildConfiguration section */

/* Begin XCConfigurationList section */
		BA5980E02CF62D3D007E0951 /* Build configuration list for PBXProject "Exemplar" */ = {
			isa = XCConfigurationList;
			buildConfigurations = (
				BA59815B2CF62D3F007E0951 /* Debug */,
				BA59815C2CF62D3F007E0951 /* Release */,
			);
			defaultConfigurationIsVisible = 0;
			defaultConfigurationName = Release;
		};
		BA5981472CF62D3F007E0951 /* Build configuration list for PBXNativeTarget "Exemplar Extension (iOS)" */ = {
			isa = XCConfigurationList;
			buildConfigurations = (
				BA5981482CF62D3F007E0951 /* Debug */,
				BA5981492CF62D3F007E0951 /* Release */,
			);
			defaultConfigurationIsVisible = 0;
			defaultConfigurationName = Release;
		};
		BA59814C2CF62D3F007E0951 /* Build configuration list for PBXNativeTarget "Exemplar (iOS)" */ = {
			isa = XCConfigurationList;
			buildConfigurations = (
				BA59814D2CF62D3F007E0951 /* Debug */,
				BA59814E2CF62D3F007E0951 /* Release */,
			);
			defaultConfigurationIsVisible = 0;
			defaultConfigurationName = Release;
		};
		BA5981512CF62D3F007E0951 /* Build configuration list for PBXNativeTarget "Exemplar Extension (macOS)" */ = {
			isa = XCConfigurationList;
			buildConfigurations = (
				BA5981522CF62D3F007E0951 /* Debug */,
				BA5981532CF62D3F007E0951 /* Release */,
			);
			defaultConfigurationIsVisible = 0;
			defaultConfigurationName = Release;
		};
		BA5981562CF62D3F007E0951 /* Build configuration list for PBXNativeTarget "Exemplar (macOS)" */ = {
			isa = XCConfigurationList;
			buildConfigurations = (
				BA5981572CF62D3F007E0951 /* Debug */,
				BA5981582CF62D3F007E0951 /* Release */,
			);
			defaultConfigurationIsVisible = 0;
			defaultConfigurationName = Release;
		};
/* End XCConfigurationList section */
	};
	rootObject = BA5980DD2CF62D3D007E0951 /* Project object */;
}
